# THIS IS AN AUTOGENERATED FILE. DO NOT EDIT THIS FILE DIRECTLY.
# yarn lockfile v1


"@types/transducers-js@^0.4.4":
  version "0.4.4"
  resolved "https://registry.yarnpkg.com/@types/transducers-js/-/transducers-js-0.4.4.tgz#50161496335e05810ac442c9f0a08788e4e82cec"

clipper-js@^1.0.2:
  version "1.0.2"
  resolved "https://registry.yarnpkg.com/clipper-js/-/clipper-js-1.0.2.tgz#e44891dde6542cc7d0bcc6ef9684d45905714893"
  dependencies:
    clipper-lib "^6.2.1"

clipper-lib@^6.2.1:
  version "6.2.1"
  resolved "https://registry.yarnpkg.com/clipper-lib/-/clipper-lib-6.2.1.tgz#266d8ec7575c589f05f23e9cd003de50e23117b6"

rxjs@^5.5.2:
  version "5.5.2"
  resolved "https://registry.yarnpkg.com/rxjs/-/rxjs-5.5.2.tgz#28d403f0071121967f18ad665563255d54236ac3"
  dependencies:
    symbol-observable "^1.0.1"

symbol-observable@^1.0.1:
  version "1.1.0"
  resolved "https://registry.yarnpkg.com/symbol-observable/-/symbol-observable-1.1.0.tgz#5c68fd8d54115d9dfb72a84720549222e8db9b32"

transducers-js@^0.4.174:
  version "0.4.174"
  resolved "https://registry.yarnpkg.com/transducers-js/-/transducers-js-0.4.174.tgz#d5862c10eff4be3d3322abf6bb742e30f1bb6fc4"
